
Microsoft Visual Studio Solution File, Format Version 12.00
# Visual Studio Version 17
VisualStudioVersion = 17.9.34728.123
MinimumVisualStudioVersion = 10.0.40219.1
Project("{9A19103F-16F7-4668-BE54-9A1E7A4F7556}") = "VShop.ProductApi", "VShop.ProductApi\VShop.ProductApi.csproj", "{7DCE3D4E-6D2D-453C-9668-2F2001DBF45D}"
EndProject
Project("{9A19103F-16F7-4668-BE54-9A1E7A4F7556}") = "VShop.Web", "VShopWeb\VShop.Web.csproj", "{6CA484AF-F0FC-4FC0-A251-F7D784F34818}"
EndProject
Project("{2150E333-8FDC-42A3-9474-1A3956D46DE8}") = "Frontend", "Frontend", "{A4038677-F4CE-446A-BA31-57E2DD80AFF0}"
EndProject
Project("{2150E333-8FDC-42A3-9474-1A3956D46DE8}") = "Backend", "Backend", "{F579B14E-C32C-4714-AF29-C1C853BC9CC3}"
EndProject
Project("{9A19103F-16F7-4668-BE54-9A1E7A4F7556}") = "VShop.IdentityServer", "VShop.IdentityServer\VShop.IdentityServer.csproj", "{97087B1E-C65E-46F2-88AB-A1534D031C57}"
EndProject
Project("{9A19103F-16F7-4668-BE54-9A1E7A4F7556}") = "VShop.CartApi", "VShopCartApi\VShop.CartApi.csproj", "{044A75E6-F474-40A8-98B2-9CDBB38AE68F}"
EndProject
Global
	GlobalSection(SolutionConfigurationPlatforms) = preSolution
		Debug|Any CPU = Debug|Any CPU
		Release|Any CPU = Release|Any CPU
	EndGlobalSection
	GlobalSection(ProjectConfigurationPlatforms) = postSolution
		{7DCE3D4E-6D2D-453C-9668-2F2001DBF45D}.Debug|Any CPU.ActiveCfg = Debug|Any CPU
		{7DCE3D4E-6D2D-453C-9668-2F2001DBF45D}.Debug|Any CPU.Build.0 = Debug|Any CPU
		{7DCE3D4E-6D2D-453C-9668-2F2001DBF45D}.Release|Any CPU.ActiveCfg = Release|Any CPU
		{7DCE3D4E-6D2D-453C-9668-2F2001DBF45D}.Release|Any CPU.Build.0 = Release|Any CPU
		{6CA484AF-F0FC-4FC0-A251-F7D784F34818}.Debug|Any CPU.ActiveCfg = Debug|Any CPU
		{6CA484AF-F0FC-4FC0-A251-F7D784F34818}.Debug|Any CPU.Build.0 = Debug|Any CPU
		{6CA484AF-F0FC-4FC0-A251-F7D784F34818}.Release|Any CPU.ActiveCfg = Release|Any CPU
		{6CA484AF-F0FC-4FC0-A251-F7D784F34818}.Release|Any CPU.Build.0 = Release|Any CPU
		{97087B1E-C65E-46F2-88AB-A1534D031C57}.Debug|Any CPU.ActiveCfg = Debug|Any CPU
		{97087B1E-C65E-46F2-88AB-A1534D031C57}.Debug|Any CPU.Build.0 = Debug|Any CPU
		{97087B1E-C65E-46F2-88AB-A1534D031C57}.Release|Any CPU.ActiveCfg = Release|Any CPU
		{97087B1E-C65E-46F2-88AB-A1534D031C57}.Release|Any CPU.Build.0 = Release|Any CPU
		{044A75E6-F474-40A8-98B2-9CDBB38AE68F}.Debug|Any CPU.ActiveCfg = Debug|Any CPU
		{044A75E6-F474-40A8-98B2-9CDBB38AE68F}.Debug|Any CPU.Build.0 = Debug|Any CPU
		{044A75E6-F474-40A8-98B2-9CDBB38AE68F}.Release|Any CPU.ActiveCfg = Release|Any CPU
		{044A75E6-F474-40A8-98B2-9CDBB38AE68F}.Release|Any CPU.Build.0 = Release|Any CPU
	EndGlobalSection
	GlobalSection(SolutionProperties) = preSolution
		HideSolutionNode = FALSE
	EndGlobalSection
	GlobalSection(NestedProjects) = preSolution
		{7DCE3D4E-6D2D-453C-9668-2F2001DBF45D} = {F579B14E-C32C-4714-AF29-C1C853BC9CC3}
		{6CA484AF-F0FC-4FC0-A251-F7D784F34818} = {A4038677-F4CE-446A-BA31-57E2DD80AFF0}
		{97087B1E-C65E-46F2-88AB-A1534D031C57} = {F579B14E-C32C-4714-AF29-C1C853BC9CC3}
		{044A75E6-F474-40A8-98B2-9CDBB38AE68F} = {F579B14E-C32C-4714-AF29-C1C853BC9CC3}
	EndGlobalSection
	GlobalSection(ExtensibilityGlobals) = postSolution
		SolutionGuid = {37BF03D5-CE1B-4839-8580-3723AC69C931}
	EndGlobalSection
EndGlobal
